
Microsoft Visual Studio Solution File, Format Version 12.00
# Visual Studio Version 17
VisualStudioVersion = 17.1.32421.90
MinimumVisualStudioVersion = 10.0.40219.1
Project("{FAE04EC0-301F-11D3-BF4B-00C04F79EFBC}") = "Aula_18_05_EX_3", "Aula_18_05_EX_3.csproj", "{69F935CF-F192-4928-A58C-185AEFFBBD35}"
EndProject
Global
	GlobalSection(SolutionConfigurationPlatforms) = preSolution
		Debug|Any CPU = Debug|Any CPU
		Release|Any CPU = Release|Any CPU
	EndGlobalSection
	GlobalSection(ProjectConfigurationPlatforms) = postSolution
		{69F935CF-F192-4928-A58C-185AEFFBBD35}.Debug|Any CPU.ActiveCfg = Debug|Any CPU
		{69F935CF-F192-4928-A58C-185AEFFBBD35}.Debug|Any CPU.Build.0 = Debug|Any CPU
		{69F935CF-F192-4928-A58C-185AEFFBBD35}.Release|Any CPU.ActiveCfg = Release|Any CPU
		{69F935CF-F192-4928-A58C-185AEFFBBD35}.Release|Any CPU.Build.0 = Release|Any CPU
	EndGlobalSection
	GlobalSection(SolutionProperties) = preSolution
		HideSolutionNode = FALSE
	EndGlobalSection
	GlobalSection(ExtensibilityGlobals) = postSolution
		SolutionGuid = {80FF9E37-459E-4A4F-ADB0-6D3CC06A7273}
	EndGlobalSection
EndGlobal
