
Microsoft Visual Studio Solution File, Format Version 12.00
# Visual Studio Version 17
VisualStudioVersion = 17.1.32421.90
MinimumVisualStudioVersion = 10.0.40219.1
Project("{FAE04EC0-301F-11D3-BF4B-00C04F79EFBC}") = "EX_1", "EX_1\EX_1.csproj", "{534CFF30-A2B2-4349-A155-FD6FAAF970EB}"
EndProject
Global
	GlobalSection(SolutionConfigurationPlatforms) = preSolution
		Debug|Any CPU = Debug|Any CPU
		Release|Any CPU = Release|Any CPU
	EndGlobalSection
	GlobalSection(ProjectConfigurationPlatforms) = postSolution
		{534CFF30-A2B2-4349-A155-FD6FAAF970EB}.Debug|Any CPU.ActiveCfg = Debug|Any CPU
		{534CFF30-A2B2-4349-A155-FD6FAAF970EB}.Debug|Any CPU.Build.0 = Debug|Any CPU
		{534CFF30-A2B2-4349-A155-FD6FAAF970EB}.Release|Any CPU.ActiveCfg = Release|Any CPU
		{534CFF30-A2B2-4349-A155-FD6FAAF970EB}.Release|Any CPU.Build.0 = Release|Any CPU
	EndGlobalSection
	GlobalSection(SolutionProperties) = preSolution
		HideSolutionNode = FALSE
	EndGlobalSection
	GlobalSection(ExtensibilityGlobals) = postSolution
		SolutionGuid = {080D318F-AEC1-493A-9EF2-899AFE6587E6}
	EndGlobalSection
EndGlobal
