
Microsoft Visual Studio Solution File, Format Version 12.00
# Visual Studio Version 17
VisualStudioVersion = 17.1.32421.90
MinimumVisualStudioVersion = 10.0.40219.1
Project("{FAE04EC0-301F-11D3-BF4B-00C04F79EFBC}") = "aula_dia_ 05_05_2022", "aula_dia_ 05_05_2022\aula_dia_ 05_05_2022.csproj", "{FB92C5D0-B8E6-4915-BAAF-531E8EB380B3}"
EndProject
Global
	GlobalSection(SolutionConfigurationPlatforms) = preSolution
		Debug|Any CPU = Debug|Any CPU
		Release|Any CPU = Release|Any CPU
	EndGlobalSection
	GlobalSection(ProjectConfigurationPlatforms) = postSolution
		{FB92C5D0-B8E6-4915-BAAF-531E8EB380B3}.Debug|Any CPU.ActiveCfg = Debug|Any CPU
		{FB92C5D0-B8E6-4915-BAAF-531E8EB380B3}.Debug|Any CPU.Build.0 = Debug|Any CPU
		{FB92C5D0-B8E6-4915-BAAF-531E8EB380B3}.Release|Any CPU.ActiveCfg = Release|Any CPU
		{FB92C5D0-B8E6-4915-BAAF-531E8EB380B3}.Release|Any CPU.Build.0 = Release|Any CPU
	EndGlobalSection
	GlobalSection(SolutionProperties) = preSolution
		HideSolutionNode = FALSE
	EndGlobalSection
	GlobalSection(ExtensibilityGlobals) = postSolution
		SolutionGuid = {C4D3D070-F8D2-4396-AA6C-BF683852E6DA}
	EndGlobalSection
EndGlobal
