
Microsoft Visual Studio Solution File, Format Version 12.00
# Visual Studio Version 17
VisualStudioVersion = 17.1.32421.90
MinimumVisualStudioVersion = 10.0.40219.1
Project("{FAE04EC0-301F-11D3-BF4B-00C04F79EFBC}") = "AULA_POO18_05", "AULA_POO18_05.csproj", "{5483160B-C301-4220-95A0-B10992C561A7}"
EndProject
Global
	GlobalSection(SolutionConfigurationPlatforms) = preSolution
		Debug|Any CPU = Debug|Any CPU
		Release|Any CPU = Release|Any CPU
	EndGlobalSection
	GlobalSection(ProjectConfigurationPlatforms) = postSolution
		{5483160B-C301-4220-95A0-B10992C561A7}.Debug|Any CPU.ActiveCfg = Debug|Any CPU
		{5483160B-C301-4220-95A0-B10992C561A7}.Debug|Any CPU.Build.0 = Debug|Any CPU
		{5483160B-C301-4220-95A0-B10992C561A7}.Release|Any CPU.ActiveCfg = Release|Any CPU
		{5483160B-C301-4220-95A0-B10992C561A7}.Release|Any CPU.Build.0 = Release|Any CPU
	EndGlobalSection
	GlobalSection(SolutionProperties) = preSolution
		HideSolutionNode = FALSE
	EndGlobalSection
	GlobalSection(ExtensibilityGlobals) = postSolution
		SolutionGuid = {FB98F8D0-475F-49FC-83E7-2A175AF3DCD2}
	EndGlobalSection
EndGlobal
