
Microsoft Visual Studio Solution File, Format Version 12.00
# Visual Studio Version 17
VisualStudioVersion = 17.1.32421.90
MinimumVisualStudioVersion = 10.0.40219.1
Project("{FAE04EC0-301F-11D3-BF4B-00C04F79EFBC}") = "EX_9", "EX_9.csproj", "{96DA673E-3496-4FBC-B050-1EF1620C3F4F}"
EndProject
Global
	GlobalSection(SolutionConfigurationPlatforms) = preSolution
		Debug|Any CPU = Debug|Any CPU
		Release|Any CPU = Release|Any CPU
	EndGlobalSection
	GlobalSection(ProjectConfigurationPlatforms) = postSolution
		{96DA673E-3496-4FBC-B050-1EF1620C3F4F}.Debug|Any CPU.ActiveCfg = Debug|Any CPU
		{96DA673E-3496-4FBC-B050-1EF1620C3F4F}.Debug|Any CPU.Build.0 = Debug|Any CPU
		{96DA673E-3496-4FBC-B050-1EF1620C3F4F}.Release|Any CPU.ActiveCfg = Release|Any CPU
		{96DA673E-3496-4FBC-B050-1EF1620C3F4F}.Release|Any CPU.Build.0 = Release|Any CPU
	EndGlobalSection
	GlobalSection(SolutionProperties) = preSolution
		HideSolutionNode = FALSE
	EndGlobalSection
	GlobalSection(ExtensibilityGlobals) = postSolution
		SolutionGuid = {55FD89E2-4AA7-46C9-922A-6C58C83CC334}
	EndGlobalSection
EndGlobal
