
Microsoft Visual Studio Solution File, Format Version 12.00
# Visual Studio Version 17
VisualStudioVersion = 17.1.32421.90
MinimumVisualStudioVersion = 10.0.40219.1
Project("{FAE04EC0-301F-11D3-BF4B-00C04F79EFBC}") = "EX_12", "EX_12\EX_12.csproj", "{530F9063-AC22-4DDE-97F0-61B878DA5D19}"
EndProject
Global
	GlobalSection(SolutionConfigurationPlatforms) = preSolution
		Debug|Any CPU = Debug|Any CPU
		Release|Any CPU = Release|Any CPU
	EndGlobalSection
	GlobalSection(ProjectConfigurationPlatforms) = postSolution
		{530F9063-AC22-4DDE-97F0-61B878DA5D19}.Debug|Any CPU.ActiveCfg = Debug|Any CPU
		{530F9063-AC22-4DDE-97F0-61B878DA5D19}.Debug|Any CPU.Build.0 = Debug|Any CPU
		{530F9063-AC22-4DDE-97F0-61B878DA5D19}.Release|Any CPU.ActiveCfg = Release|Any CPU
		{530F9063-AC22-4DDE-97F0-61B878DA5D19}.Release|Any CPU.Build.0 = Release|Any CPU
	EndGlobalSection
	GlobalSection(SolutionProperties) = preSolution
		HideSolutionNode = FALSE
	EndGlobalSection
	GlobalSection(ExtensibilityGlobals) = postSolution
		SolutionGuid = {7DF413BC-0A5F-415F-936A-052B5723A908}
	EndGlobalSection
EndGlobal
