
Microsoft Visual Studio Solution File, Format Version 12.00
# Visual Studio Version 17
VisualStudioVersion = 17.1.32421.90
MinimumVisualStudioVersion = 10.0.40219.1
Project("{FAE04EC0-301F-11D3-BF4B-00C04F79EFBC}") = "EX_11", "EX_11\EX_11.csproj", "{13BF5E9D-579D-498F-980C-F34BB24A542C}"
EndProject
Global
	GlobalSection(SolutionConfigurationPlatforms) = preSolution
		Debug|Any CPU = Debug|Any CPU
		Release|Any CPU = Release|Any CPU
	EndGlobalSection
	GlobalSection(ProjectConfigurationPlatforms) = postSolution
		{13BF5E9D-579D-498F-980C-F34BB24A542C}.Debug|Any CPU.ActiveCfg = Debug|Any CPU
		{13BF5E9D-579D-498F-980C-F34BB24A542C}.Debug|Any CPU.Build.0 = Debug|Any CPU
		{13BF5E9D-579D-498F-980C-F34BB24A542C}.Release|Any CPU.ActiveCfg = Release|Any CPU
		{13BF5E9D-579D-498F-980C-F34BB24A542C}.Release|Any CPU.Build.0 = Release|Any CPU
	EndGlobalSection
	GlobalSection(SolutionProperties) = preSolution
		HideSolutionNode = FALSE
	EndGlobalSection
	GlobalSection(ExtensibilityGlobals) = postSolution
		SolutionGuid = {7E09E2DE-235D-4D06-890B-ABF1684E628A}
	EndGlobalSection
EndGlobal
