
Microsoft Visual Studio Solution File, Format Version 12.00
# Visual Studio Version 17
VisualStudioVersion = 17.1.32421.90
MinimumVisualStudioVersion = 10.0.40219.1
Project("{FAE04EC0-301F-11D3-BF4B-00C04F79EFBC}") = "EX_5", "EX_5\EX_5.csproj", "{2982DE26-2222-426B-BF28-1319830615B5}"
EndProject
Global
	GlobalSection(SolutionConfigurationPlatforms) = preSolution
		Debug|Any CPU = Debug|Any CPU
		Release|Any CPU = Release|Any CPU
	EndGlobalSection
	GlobalSection(ProjectConfigurationPlatforms) = postSolution
		{2982DE26-2222-426B-BF28-1319830615B5}.Debug|Any CPU.ActiveCfg = Debug|Any CPU
		{2982DE26-2222-426B-BF28-1319830615B5}.Debug|Any CPU.Build.0 = Debug|Any CPU
		{2982DE26-2222-426B-BF28-1319830615B5}.Release|Any CPU.ActiveCfg = Release|Any CPU
		{2982DE26-2222-426B-BF28-1319830615B5}.Release|Any CPU.Build.0 = Release|Any CPU
	EndGlobalSection
	GlobalSection(SolutionProperties) = preSolution
		HideSolutionNode = FALSE
	EndGlobalSection
	GlobalSection(ExtensibilityGlobals) = postSolution
		SolutionGuid = {70962A19-DE31-46DC-B01C-FF1A7343D917}
	EndGlobalSection
EndGlobal
