
Microsoft Visual Studio Solution File, Format Version 12.00
# Visual Studio Version 16
VisualStudioVersion = 16.0.32126.315
MinimumVisualStudioVersion = 10.0.40219.1
Project("{FAE04EC0-301F-11D3-BF4B-00C04F79EFBC}") = "EXERCICIO11", "EXERCICIO11.csproj", "{939334AF-9F5E-4F8A-8F33-60DD630D67D7}"
EndProject
Global
	GlobalSection(SolutionConfigurationPlatforms) = preSolution
		Debug|Any CPU = Debug|Any CPU
		Release|Any CPU = Release|Any CPU
	EndGlobalSection
	GlobalSection(ProjectConfigurationPlatforms) = postSolution
		{939334AF-9F5E-4F8A-8F33-60DD630D67D7}.Debug|Any CPU.ActiveCfg = Debug|Any CPU
		{939334AF-9F5E-4F8A-8F33-60DD630D67D7}.Debug|Any CPU.Build.0 = Debug|Any CPU
		{939334AF-9F5E-4F8A-8F33-60DD630D67D7}.Release|Any CPU.ActiveCfg = Release|Any CPU
		{939334AF-9F5E-4F8A-8F33-60DD630D67D7}.Release|Any CPU.Build.0 = Release|Any CPU
	EndGlobalSection
	GlobalSection(SolutionProperties) = preSolution
		HideSolutionNode = FALSE
	EndGlobalSection
	GlobalSection(ExtensibilityGlobals) = postSolution
		SolutionGuid = {3F665253-773E-4377-82D1-5BD6457F5AEF}
	EndGlobalSection
EndGlobal
