
Microsoft Visual Studio Solution File, Format Version 12.00
# Visual Studio Version 17
VisualStudioVersion = 17.1.32421.90
MinimumVisualStudioVersion = 10.0.40219.1
Project("{FAE04EC0-301F-11D3-BF4B-00C04F79EFBC}") = "EX_4", "EX_4\EX_4.csproj", "{01AC066B-394E-41F4-B529-E6CC5B8DD12A}"
EndProject
Global
	GlobalSection(SolutionConfigurationPlatforms) = preSolution
		Debug|Any CPU = Debug|Any CPU
		Release|Any CPU = Release|Any CPU
	EndGlobalSection
	GlobalSection(ProjectConfigurationPlatforms) = postSolution
		{01AC066B-394E-41F4-B529-E6CC5B8DD12A}.Debug|Any CPU.ActiveCfg = Debug|Any CPU
		{01AC066B-394E-41F4-B529-E6CC5B8DD12A}.Debug|Any CPU.Build.0 = Debug|Any CPU
		{01AC066B-394E-41F4-B529-E6CC5B8DD12A}.Release|Any CPU.ActiveCfg = Release|Any CPU
		{01AC066B-394E-41F4-B529-E6CC5B8DD12A}.Release|Any CPU.Build.0 = Release|Any CPU
	EndGlobalSection
	GlobalSection(SolutionProperties) = preSolution
		HideSolutionNode = FALSE
	EndGlobalSection
	GlobalSection(ExtensibilityGlobals) = postSolution
		SolutionGuid = {A19EF6B4-DAC7-4D29-80EC-9446BAE0B4AB}
	EndGlobalSection
EndGlobal
