
Microsoft Visual Studio Solution File, Format Version 12.00
# Visual Studio Version 17
VisualStudioVersion = 17.1.32421.90
MinimumVisualStudioVersion = 10.0.40219.1
Project("{FAE04EC0-301F-11D3-BF4B-00C04F79EFBC}") = "aula_04_05", "aula_04_05\aula_04_05.csproj", "{0EF02FDC-4AAD-4664-8BC8-DE023E4A50CA}"
EndProject
Global
	GlobalSection(SolutionConfigurationPlatforms) = preSolution
		Debug|Any CPU = Debug|Any CPU
		Release|Any CPU = Release|Any CPU
	EndGlobalSection
	GlobalSection(ProjectConfigurationPlatforms) = postSolution
		{0EF02FDC-4AAD-4664-8BC8-DE023E4A50CA}.Debug|Any CPU.ActiveCfg = Debug|Any CPU
		{0EF02FDC-4AAD-4664-8BC8-DE023E4A50CA}.Debug|Any CPU.Build.0 = Debug|Any CPU
		{0EF02FDC-4AAD-4664-8BC8-DE023E4A50CA}.Release|Any CPU.ActiveCfg = Release|Any CPU
		{0EF02FDC-4AAD-4664-8BC8-DE023E4A50CA}.Release|Any CPU.Build.0 = Release|Any CPU
	EndGlobalSection
	GlobalSection(SolutionProperties) = preSolution
		HideSolutionNode = FALSE
	EndGlobalSection
	GlobalSection(ExtensibilityGlobals) = postSolution
		SolutionGuid = {CCBECDB7-1D04-466F-BA87-50A8F6986A9A}
	EndGlobalSection
EndGlobal
