
Microsoft Visual Studio Solution File, Format Version 12.00
# Visual Studio Version 17
VisualStudioVersion = 17.1.32421.90
MinimumVisualStudioVersion = 10.0.40219.1
Project("{FAE04EC0-301F-11D3-BF4B-00C04F79EFBC}") = "EX_1", "EX_1.csproj", "{0B80162D-FD53-40BB-9354-DF4285CF2369}"
EndProject
Global
	GlobalSection(SolutionConfigurationPlatforms) = preSolution
		Debug|Any CPU = Debug|Any CPU
		Release|Any CPU = Release|Any CPU
	EndGlobalSection
	GlobalSection(ProjectConfigurationPlatforms) = postSolution
		{0B80162D-FD53-40BB-9354-DF4285CF2369}.Debug|Any CPU.ActiveCfg = Debug|Any CPU
		{0B80162D-FD53-40BB-9354-DF4285CF2369}.Debug|Any CPU.Build.0 = Debug|Any CPU
		{0B80162D-FD53-40BB-9354-DF4285CF2369}.Release|Any CPU.ActiveCfg = Release|Any CPU
		{0B80162D-FD53-40BB-9354-DF4285CF2369}.Release|Any CPU.Build.0 = Release|Any CPU
	EndGlobalSection
	GlobalSection(SolutionProperties) = preSolution
		HideSolutionNode = FALSE
	EndGlobalSection
	GlobalSection(ExtensibilityGlobals) = postSolution
		SolutionGuid = {32D38922-0F57-4988-858F-F3AD6D88929B}
	EndGlobalSection
EndGlobal
